# This file was autogenerated by Stack.
# You should not edit this file by hand.
# For more information, please see the documentation at:
#   https://docs.haskellstack.org/en/stable/topics/lock_files

packages:
- completed:
    name: accelerate
    pantry-tree:
      sha256: 201201e5e71cb43eda0a33d8cf6ce000df09e57a5456965e3b5c5babacc47ecb
      size: 24736
    sha256: 2bf25415c10957e14b763e2d32cba081b3dc3a269e82fe9045f106d76f44e536
    size: 934755
    url: https://github.com/acceleratehs/accelerate/archive/2524e84dc0dfac61ba1197ba8c4e5d3d99a95937.tar.gz
    version: 1.3.0.0
  original:
    url: https://github.com/acceleratehs/accelerate/archive/2524e84dc0dfac61ba1197ba8c4e5d3d99a95937.tar.gz
- completed:
    name: accelerate-llvm
    pantry-tree:
      sha256: 4ec26f56430b86de6a0e60016d133dbcaaf5e910bca6a2e8b5a31daef4286b53
      size: 5937
    sha256: 7a03f90645d5ebb56c623cbb3c9657666550a1f6f88146d712a91efd39820657
    size: 20259922
    subdir: accelerate-llvm
    url: https://github.com/acceleratehs/accelerate-llvm/archive/c025f0a5c506432e3877b7f3fcbd53cbec4a67e5.tar.gz
    version: 1.3.0.0
  original:
    subdir: accelerate-llvm
    url: https://github.com/acceleratehs/accelerate-llvm/archive/c025f0a5c506432e3877b7f3fcbd53cbec4a67e5.tar.gz
- completed:
    name: accelerate-llvm-native
    pantry-tree:
      sha256: 3cba660ed4147c840c22c95f74cdc17c9aa5fc5972cad20bbf9a1f69ebacc5ae
      size: 6562
    sha256: 7a03f90645d5ebb56c623cbb3c9657666550a1f6f88146d712a91efd39820657
    size: 20259922
    subdir: accelerate-llvm-native
    url: https://github.com/acceleratehs/accelerate-llvm/archive/c025f0a5c506432e3877b7f3fcbd53cbec4a67e5.tar.gz
    version: 1.3.0.0
  original:
    subdir: accelerate-llvm-native
    url: https://github.com/acceleratehs/accelerate-llvm/archive/c025f0a5c506432e3877b7f3fcbd53cbec4a67e5.tar.gz
- completed:
    name: accelerate-llvm-ptx
    pantry-tree:
      sha256: 96f61a8517b3ba6f0c50e7b2bf07f3ccb8541b113d71efa50c21ddccab8cfeba
      size: 4967
    sha256: 7a03f90645d5ebb56c623cbb3c9657666550a1f6f88146d712a91efd39820657
    size: 20259922
    subdir: accelerate-llvm-ptx
    url: https://github.com/acceleratehs/accelerate-llvm/archive/c025f0a5c506432e3877b7f3fcbd53cbec4a67e5.tar.gz
    version: 1.3.0.0
  original:
    subdir: accelerate-llvm-ptx
    url: https://github.com/acceleratehs/accelerate-llvm/archive/c025f0a5c506432e3877b7f3fcbd53cbec4a67e5.tar.gz
- completed:
    name: llvm-hs
    pantry-tree:
      sha256: 21f74a6f51fae6c0a0fcf3e6620a59f341289ac743998b41ed3276fd1b7d8862
      size: 12716
    sha256: 2c1b676496382a33e430f17429112fc6f4ebc34bea5be966a6b290af4040513b
    size: 9802201
    subdir: llvm-hs
    url: https://github.com/llvm-hs/llvm-hs/archive/e4b3cfa47e72f094ab109884f18acfc666b0fb7d.tar.gz
    version: 15.0.0
  original:
    subdir: llvm-hs
    url: https://github.com/llvm-hs/llvm-hs/archive/e4b3cfa47e72f094ab109884f18acfc666b0fb7d.tar.gz
- completed:
    name: llvm-hs-pure
    pantry-tree:
      sha256: b512f9e5f8f2b3e3a06bad2fa5ff053a83d817798c7efcd47e254e68c842169d
      size: 2712
    sha256: 2c1b676496382a33e430f17429112fc6f4ebc34bea5be966a6b290af4040513b
    size: 9802201
    subdir: llvm-hs-pure
    url: https://github.com/llvm-hs/llvm-hs/archive/e4b3cfa47e72f094ab109884f18acfc666b0fb7d.tar.gz
    version: 15.0.0
  original:
    subdir: llvm-hs-pure
    url: https://github.com/llvm-hs/llvm-hs/archive/e4b3cfa47e72f094ab109884f18acfc666b0fb7d.tar.gz
- completed:
    hackage: OptDir-0.0.4@sha256:7a59a4e225a1ea402b82377c9057cf258e45d9d7913b2edd010f7ae8b9e4f8af,861
    pantry-tree:
      sha256: 1acdb5033f2f1750e622fb4a2bf5f5de5eac9d3129a61c3b92bfed17f64d6607
      size: 256
  original:
    hackage: OptDir-0.0.4
- completed:
    hackage: bytestring-encoding-0.1.2.0@sha256:e1d2700b1c13ccda4eb561a413e9fa1d7675cef41c709472e9817fb89c1d1c53,2049
    pantry-tree:
      sha256: 4475d86eeb63941b7601b4715aad228114225eac828a77c7d8aeb4c655dd1119
      size: 715
  original:
    hackage: bytestring-encoding-0.1.2.0
snapshots:
- completed:
    sha256: caa77fdbc5b9f698262b21ee78030133272ec53116ad6ddbefdc4c321f668e0c
    size: 640014
    url: https://raw.githubusercontent.com/commercialhaskell/stackage-snapshots/master/lts/21/4.yaml
  original: lts-21.4
